// !$*UTF8*$!
{
	archiveVersion = 1;
	classes = {
	};
	objectVersion = 46;
	objects = {

/* Begin PBXBuildFile section */
		F73E48C119FA615A004BE67C /* main.m in Sources */ = {isa = PBXBuildFile; fileRef = F73E48C019FA615A004BE67C /* main.m */; };
		F73E48C419FA615A004BE67C /* AppDelegate.m in Sources */ = {isa = PBXBuildFile; fileRef = F73E48C319FA615A004BE67C /* AppDelegate.m */; };
		F73E48C719FA615A004BE67C /* ViewController.m in Sources */ = {isa = PBXBuildFile; fileRef = F73E48C619FA615A004BE67C /* ViewController.m */; };
		F73E48CA19FA615A004BE67C /* Main.storyboard in Resources */ = {isa = PBXBuildFile; fileRef = F73E48C819FA615A004BE67C /* Main.storyboard */; };
		F73E48CC19FA615A004BE67C /* Images.xcassets in Resources */ = {isa = PBXBuildFile; fileRef = F73E48CB19FA615A004BE67C /* Images.xcassets */; };
		F73E48CF19FA615A004BE67C /* LaunchScreen.xib in Resources */ = {isa = PBXBuildFile; fileRef = F73E48CD19FA615A004BE67C /* LaunchScreen.xib */; };
		F73E48DB19FA615A004BE67C /* GitTestTests.m in Sources */ = {isa = PBXBuildFile; fileRef = F73E48DA19FA615A004BE67C /* GitTestTests.m */; };
/* End PBXBuildFile section */

/* Begin PBXContainerItemProxy section */
		F73E48D519FA615A004BE67C /* PBXContainerItemProxy */ = {
			isa = PBXContainerItemProxy;
			containerPortal = F73E48B319FA615A004BE67C /* Project object */;
			proxyType = 1;
			remoteGlobalIDString = F73E48BA19FA615A004BE67C;
			remoteInfo = GitTest;
		};
/* End PBXContainerItemProxy section */

/* Begin PBXFileReference section */
		F73E48BB19FA615A004BE67C /* GitTest.app */ = {isa = PBXFileReference; explicitFileType = wrapper.application; includeInIndex = 0; path = GitTest.app; sourceTree = BUILT_PRODUCTS_DIR; };
		F73E48BF19FA615A004BE67C /* Info.plist */ = {isa = PBXFileReference; lastKnownFileType = text.plist.xml; path = Info.plist; sourceTree = "<group>"; };
		F73E48C019FA615A004BE67C /* main.m */ = {isa = PBXFileReference; lastKnownFileType = sourcecode.c.objc; path = main.m; sourceTree = "<group>"; };
		F73E48C219FA615A004BE67C /* AppDelegate.h */ = {isa = PBXFileReference; lastKnownFileType = sourcecode.c.h; path = AppDelegate.h; sourceTree = "<group>"; };
		F73E48C319FA615A004BE67C /* AppDelegate.m */ = {isa = PBXFileReference; lastKnownFileType = sourcecode.c.objc; path = AppDelegate.m; sourceTree = "<group>"; };
		F73E48C519FA615A004BE67C /* ViewController.h */ = {isa = PBXFileReference; lastKnownFileType = sourcecode.c.h; path = ViewController.h; sourceTree = "<group>"; };
		F73E48C619FA615A004BE67C /* ViewController.m */ = {isa = PBXFileReference; lastKnownFileType = sourcecode.c.objc; path = ViewController.m; sourceTree = "<group>"; };
		F73E48C919FA615A004BE67C /* Base */ = {isa = PBXFileReference; lastKnownFileType = file.storyboard; name = Base; path = Base.lproj/Main.storyboard; sourceTree = "<group>"; };
		F73E48CB19FA615A004BE67C /* Images.xcassets */ = {isa = PBXFileReference; lastKnownFileType = folder.assetcatalog; path = Images.xcassets; sourceTree = "<group>"; };
		F73E48CE19FA615A004BE67C /* Base */ = {isa = PBXFileReference; lastKnownFileType = file.xib; name = Base; path = Base.lproj/LaunchScreen.xib; sourceTree = "<group>"; };
		F73E48D419FA615A004BE67C /* GitTestTests.xctest */ = {isa = PBXFileReference; explicitFileType = wrapper.cfbundle; includeInIndex = 0; path = GitTestTests.xctest; sourceTree = BUILT_PRODUCTS_DIR; };
		F73E48D919FA615A004BE67C /* Info.plist */ = {isa = PBXFileReference; lastKnownFileType = text.plist.xml; path = Info.plist; sourceTree = "<group>"; };
		F73E48DA19FA615A004BE67C /* GitTestTests.m */ = {isa = PBXFileReference; lastKnownFileType = sourcecode.c.objc; path = GitTestTests.m; sourceTree = "<group>"; };
/* End PBXFileReference section */

/* Begin PBXFrameworksBuildPhase section */
		F73E48B819FA615A004BE67C /* Frameworks */ = {
			isa = PBXFrameworksBuildPhase;
			buildActionMask = 2147483647;
			files = (
			);
			runOnlyForDeploymentPostprocessing = 0;
		};
		F73E48D119FA615A004BE67C /* Frameworks */ = {
			isa = PBXFrameworksBuildPhase;
			buildActionMask = 2147483647;
			files = (
			);
			runOnlyForDeploymentPostprocessing = 0;
		};
/* End PBXFrameworksBuildPhase section */

/* Begin PBXGroup section */
		F73E48B219FA615A004BE67C = {
			isa = PBXGroup;
			children = (
				F73E48BD19FA615A004BE67C /* GitTest */,
				F73E48D719FA615A004BE67C /* GitTestTests */,
				F73E48BC19FA615A004BE67C /* Products */,
			);
			sourceTree = "<group>";
		};
		F73E48BC19FA615A004BE67C /* Products */ = {
			isa = PBXGroup;
			children = (
				F73E48BB19FA615A004BE67C /* GitTest.app */,
				F73E48D419FA615A004BE67C /* GitTestTests.xctest */,
			);
			name = Products;
			sourceTree = "<group>";
		};
		F73E48BD19FA615A004BE67C /* GitTest */ = {
			isa = PBXGroup;
			children = (
				F73E48C219FA615A004BE67C /* AppDelegate.h */,
				F73E48C319FA615A004BE67C /* AppDelegate.m */,
				F73E48C519FA615A004BE67C /* ViewController.h */,
				F73E48C619FA615A004BE67C /* ViewController.m */,
				F73E48C819FA615A004BE67C /* Main.storyboard */,
				F73E48CB19FA615A004BE67C /* Images.xcassets */,
				F73E48CD19FA615A004BE67C /* LaunchScreen.xib */,
				F73E48BE19FA615A004BE67C /* Supporting Files */,
			);
			path = GitTest;
			sourceTree = "<group>";
		};
		F73E48BE19FA615A004BE67C /* Supporting Files */ = {
			isa = PBXGroup;
			children = (
				F73E48BF19FA615A004BE67C /* Info.plist */,
				F73E48C019FA615A004BE67C /* main.m */,
			);
			name = "Supporting Files";
			sourceTree = "<group>";
		};
		F73E48D719FA615A004BE67C /* GitTestTests */ = {
			isa = PBXGroup;
			children = (
				F73E48DA19FA615A004BE67C /* GitTestTests.m */,
				F73E48D819FA615A004BE67C /* Supporting Files */,
			);
			path = GitTestTests;
			sourceTree = "<group>";
		};
		F73E48D819FA615A004BE67C /* Supporting Files */ = {
			isa = PBXGroup;
			children = (
				F73E48D919FA615A004BE67C /* Info.plist */,
			);
			name = "Supporting Files";
			sourceTree = "<group>";
		};
/* End PBXGroup section */

/* Begin PBXNativeTarget section */
		F73E48BA19FA615A004BE67C /* GitTest */ = {
			isa = PBXNativeTarget;
			buildConfigurationList = F73E48DE19FA615A004BE67C /* Build configuration list for PBXNativeTarget "GitTest" */;
			buildPhases = (
				F73E48B719FA615A004BE67C /* Sources */,
				F73E48B819FA615A004BE67C /* Frameworks */,
				F73E48B919FA615A004BE67C /* Resources */,
			);
			buildRules = (
			);
			dependencies = (
			);
			name = GitTest;
			productName = GitTest;
			productReference = F73E48BB19FA615A004BE67C /* GitTest.app */;
			productType = "com.apple.product-type.application";
		};
		F73E48D319FA615A004BE67C /* GitTestTests */ = {
			isa = PBXNativeTarget;
			buildConfigurationList = F73E48E119FA615A004BE67C /* Build configuration list for PBXNativeTarget "GitTestTests" */;
			buildPhases = (
				F73E48D019FA615A004BE67C /* Sources */,
				F73E48D119FA615A004BE67C /* Frameworks */,
				F73E48D219FA615A004BE67C /* Resources */,
			);
			buildRules = (
			);
			dependencies = (
				F73E48D619FA615A004BE67C /* PBXTargetDependency */,
			);
			name = GitTestTests;
			productName = GitTestTests;
			productReference = F73E48D419FA615A004BE67C /* GitTestTests.xctest */;
			productType = "com.apple.product-type.bundle.unit-test";
		};
/* End PBXNativeTarget section */

/* Begin PBXProject section */
		F73E48B319FA615A004BE67C /* Project object */ = {
			isa = PBXProject;
			attributes = {
				LastUpgradeCheck = 0610;
				ORGANIZATIONNAME = nordPoint;
				TargetAttributes = {
					F73E48BA19FA615A004BE67C = {
						CreatedOnToolsVersion = 6.1;
					};
					F73E48D319FA615A004BE67C = {
						CreatedOnToolsVersion = 6.1;
						TestTargetID = F73E48BA19FA615A004BE67C;
					};
				};
			};
			buildConfigurationList = F73E48B619FA615A004BE67C /* Build configuration list for PBXProject "GitTest" */;
			compatibilityVersion = "Xcode 3.2";
			developmentRegion = English;
			hasScannedForEncodings = 0;
			knownRegions = (
				en,
				Base,
			);
			mainGroup = F73E48B219FA615A004BE67C;
			productRefGroup = F73E48BC19FA615A004BE67C /* Products */;
			projectDirPath = "";
			projectRoot = "";
			targets = (
				F73E48BA19FA615A004BE67C /* GitTest */,
				F73E48D319FA615A004BE67C /* GitTestTests */,
			);
		};
/* End PBXProject section */

/* Begin PBXResourcesBuildPhase section */
		F73E48B919FA615A004BE67C /* Resources */ = {
			isa = PBXResourcesBuildPhase;
			buildActionMask = 2147483647;
			files = (
				F73E48CA19FA615A004BE67C /* Main.storyboard in Resources */,
				F73E48CF19FA615A004BE67C /* LaunchScreen.xib in Resources */,
				F73E48CC19FA615A004BE67C /* Images.xcassets in Resources */,
			);
			runOnlyForDeploymentPostprocessing = 0;
		};
		F73E48D219FA615A004BE67C /* Resources */ = {
			isa = PBXResourcesBuildPhase;
			buildActionMask = 2147483647;
			files = (
			);
			runOnlyForDeploymentPostprocessing = 0;
		};
/* End PBXResourcesBuildPhase section */

/* Begin PBXSourcesBuildPhase section */
		F73E48B719FA615A004BE67C /* Sources */ = {
			isa = PBXSourcesBuildPhase;
			buildActionMask = 2147483647;
			files = (
				F73E48C719FA615A004BE67C /* ViewController.m in Sources */,
				F73E48C419FA615A004BE67C /* AppDelegate.m in Sources */,
				F73E48C119FA615A004BE67C /* main.m in Sources */,
			);
			runOnlyForDeploymentPostprocessing = 0;
		};
		F73E48D019FA615A004BE67C /* Sources */ = {
			isa = PBXSourcesBuildPhase;
			buildActionMask = 2147483647;
			files = (
				F73E48DB19FA615A004BE67C /* GitTestTests.m in Sources */,
			);
			runOnlyForDeploymentPostprocessing = 0;
		};
/* End PBXSourcesBuildPhase section */

/* Begin PBXTargetDependency section */
		F73E48D619FA615A004BE67C /* PBXTargetDependency */ = {
			isa = PBXTargetDependency;
			target = F73E48BA19FA615A004BE67C /* GitTest */;
			targetProxy = F73E48D519FA615A004BE67C /* PBXContainerItemProxy */;
		};
/* End PBXTargetDependency section */

/* Begin PBXVariantGroup section */
		F73E48C819FA615A004BE67C /* Main.storyboard */ = {
			isa = PBXVariantGroup;
			children = (
				F73E48C919FA615A004BE67C /* Base */,
			);
			name = Main.storyboard;
			sourceTree = "<group>";
		};
		F73E48CD19FA615A004BE67C /* LaunchScreen.xib */ = {
			isa = PBXVariantGroup;
			children = (
				F73E48CE19FA615A004BE67C /* Base */,
			);
			name = LaunchScreen.xib;
			sourceTree = "<group>";
		};
/* End PBXVariantGroup section */

/* Begin XCBuildConfiguration section */
		F73E48DC19FA615A004BE67C /* Debug */ = {
			isa = XCBuildConfiguration;
			buildSettings = {
				ALWAYS_SEARCH_USER_PATHS = NO;
				CLANG_CXX_LANGUAGE_STANDARD = "gnu++0x";
				CLANG_CXX_LIBRARY = "libc++";
				CLANG_ENABLE_MODULES = YES;
				CLANG_ENABLE_OBJC_ARC = YES;
				CLANG_WARN_BOOL_CONVERSION = YES;
				CLANG_WARN_CONSTANT_CONVERSION = YES;
				CLANG_WARN_DIRECT_OBJC_ISA_USAGE = YES_ERROR;
				CLANG_WARN_EMPTY_BODY = YES;
				CLANG_WARN_ENUM_CONVERSION = YES;
				CLANG_WARN_INT_CONVERSION = YES;
				CLANG_WARN_OBJC_ROOT_CLASS = YES_ERROR;
				CLANG_WARN_UNREACHABLE_CODE = YES;
				CLANG_WARN__DUPLICATE_METHOD_MATCH = YES;
				"CODE_SIGN_IDENTITY[sdk=iphoneos*]" = "iPhone Developer";
				COPY_PHASE_STRIP = NO;
				ENABLE_STRICT_OBJC_MSGSEND = YES;
				GCC_C_LANGUAGE_STANDARD = gnu99;
				GCC_DYNAMIC_NO_PIC = NO;
				GCC_OPTIMIZATION_LEVEL = 0;
				GCC_PREPROCESSOR_DEFINITIONS = (
					"DEBUG=1",
					"$(inherited)",
				);
				GCC_SYMBOLS_PRIVATE_EXTERN = NO;
				GCC_WARN_64_TO_32_BIT_CONVERSION = YES;
				GCC_WARN_ABOUT_RETURN_TYPE = YES_ERROR;
				GCC_WARN_UNDECLARED_SELECTOR = YES;
				GCC_WARN_UNINITIALIZED_AUTOS = YES_AGGRESSIVE;
				GCC_WARN_UNUSED_FUNCTION = YES;
				GCC_WARN_UNUSED_VARIABLE = YES;
				IPHONEOS_DEPLOYMENT_TARGET = 8.1;
				MTL_ENABLE_DEBUG_INFO = YES;
				ONLY_ACTIVE_ARCH = YES;
				SDKROOT = iphoneos;
			};
			name = Debug;
		};
		F73E48DD19FA615A004BE67C /* Release */ = {
			isa = XCBuildConfiguration;
			buildSettings = {
				ALWAYS_SEARCH_USER_PATHS = NO;
				CLANG_CXX_LANGUAGE_STANDARD = "gnu++0x";
				CLANG_CXX_LIBRARY = "libc++";
				CLANG_ENABLE_MODULES = YES;
				CLANG_ENABLE_OBJC_ARC = YES;
				CLANG_WARN_BOOL_CONVERSION = YES;
				CLANG_WARN_CONSTANT_CONVERSION = YES;
				CLANG_WARN_DIRECT_OBJC_ISA_USAGE = YES_ERROR;
				CLANG_WARN_EMPTY_BODY = YES;
				CLANG_WARN_ENUM_CONVERSION = YES;
				CLANG_WARN_INT_CONVERSION = YES;
				CLANG_WARN_OBJC_ROOT_CLASS = YES_ERROR;
				CLANG_WARN_UNREACHABLE_CODE = YES;
				CLANG_WARN__DUPLICATE_METHOD_MATCH = YES;
				"CODE_SIGN_IDENTITY[sdk=iphoneos*]" = "iPhone Developer";
				COPY_PHASE_STRIP = YES;
				ENABLE_NS_ASSERTIONS = NO;
				ENABLE_STRICT_OBJC_MSGSEND = YES;
				GCC_C_LANGUAGE_STANDARD = gnu99;
				GCC_WARN_64_TO_32_BIT_CONVERSION = YES;
				GCC_WARN_ABOUT_RETURN_TYPE = YES_ERROR;
				GCC_WARN_UNDECLARED_SELECTOR = YES;
				GCC_WARN_UNINITIALIZED_AUTOS = YES_AGGRESSIVE;
				GCC_WARN_UNUSED_FUNCTION = YES;
				GCC_WARN_UNUSED_VARIABLE = YES;
				IPHONEOS_DEPLOYMENT_TARGET = 8.1;
				MTL_ENABLE_DEBUG_INFO = NO;
				SDKROOT = iphoneos;
				VALIDATE_PRODUCT = YES;
			};
			name = Release;
		};
		F73E48DF19FA615A004BE67C /* Debug */ = {
			isa = XCBuildConfiguration;
			buildSettings = {
				ASSETCATALOG_COMPILER_APPICON_NAME = AppIcon;
				INFOPLIST_FILE = GitTest/Info.plist;
				LD_RUNPATH_SEARCH_PATHS = "$(inherited) @executable_path/Frameworks";
				PRODUCT_NAME = "$(TARGET_NAME)";
			};
			name = Debug;
		};
		F73E48E019FA615A004BE67C /* Release */ = {
			isa = XCBuildConfiguration;
			buildSettings = {
				ASSETCATALOG_COMPILER_APPICON_NAME = AppIcon;
				INFOPLIST_FILE = GitTest/Info.plist;
				LD_RUNPATH_SEARCH_PATHS = "$(inherited) @executable_path/Frameworks";
				PRODUCT_NAME = "$(TARGET_NAME)";
			};
			name = Release;
		};
		F73E48E219FA615A004BE67C /* Debug */ = {
			isa = XCBuildConfiguration;
			buildSettings = {
				BUNDLE_LOADER = "$(TEST_HOST)";
				FRAMEWORK_SEARCH_PATHS = (
					"$(SDKROOT)/Developer/Library/Frameworks",
					"$(inherited)",
				);
				GCC_PREPROCESSOR_DEFINITIONS = (
					"DEBUG=1",
					"$(inherited)",
				);
				INFOPLIST_FILE = GitTestTests/Info.plist;
				LD_RUNPATH_SEARCH_PATHS = "$(inherited) @executable_path/Frameworks @loader_path/Frameworks";
				PRODUCT_NAME = "$(TARGET_NAME)";
				TEST_HOST = "$(BUILT_PRODUCTS_DIR)/GitTest.app/GitTest";
			};
			name = Debug;
		};
		F73E48E319FA615A004BE67C /* Release */ = {
			isa = XCBuildConfiguration;
			buildSettings = {
				BUNDLE_LOADER = "$(TEST_HOST)";
				FRAMEWORK_SEARCH_PATHS = (
					"$(SDKROOT)/Developer/Library/Frameworks",
					"$(inherited)",
				);
				INFOPLIST_FILE = GitTestTests/Info.plist;
				LD_RUNPATH_SEARCH_PATHS = "$(inherited) @executable_path/Frameworks @loader_path/Frameworks";
				PRODUCT_NAME = "$(TARGET_NAME)";
				TEST_HOST = "$(BUILT_PRODUCTS_DIR)/GitTest.app/GitTest";
			};
			name = Release;
		};
/* End XCBuildConfiguration section */

/* Begin XCConfigurationList section */
		F73E48B619FA615A004BE67C /* Build configuration list for PBXProject "GitTest" */ = {
			isa = XCConfigurationList;
			buildConfigurations = (
				F73E48DC19FA615A004BE67C /* Debug */,
				F73E48DD19FA615A004BE67C /* Release */,
			);
			defaultConfigurationIsVisible = 0;
			defaultConfigurationName = Release;
		};
		F73E48DE19FA615A004BE67C /* Build configuration list for PBXNativeTarget "GitTest" */ = {
			isa = XCConfigurationList;
			buildConfigurations = (
				F73E48DF19FA615A004BE67C /* Debug */,
				F73E48E019FA615A004BE67C /* Release */,
			);
			defaultConfigurationIsVisible = 0;
		};
		F73E48E119FA615A004BE67C /* Build configuration list for PBXNativeTarget "GitTestTests" */ = {
			isa = XCConfigurationList;
			buildConfigurations = (
				F73E48E219FA615A004BE67C /* Debug */,
				F73E48E319FA615A004BE67C /* Release */,
			);
			defaultConfigurationIsVisible = 0;
		};
/* End XCConfigurationList section */
	};
	rootObject = F73E48B319FA615A004BE67C /* Project object */;
}
